
Microsoft Visual Studio Solution File, Format Version 12.00
# Visual Studio 15
VisualStudioVersion = 15.0.26730.16
MinimumVisualStudioVersion = 10.0.40219.1
Project("{8BC9CEB8-8B4A-11D0-8D11-00A0C91BC942}") = "QuickSort", "QuickSort\QuickSort.vcxproj", "{65DC5719-D96C-4CBA-A25C-5DCAB4AF7A94}"
EndProject
Project("{8BC9CEB8-8B4A-11D0-8D11-00A0C91BC942}") = "RandomQuickSort", "RandomQuickSort\RandomQuickSort.vcxproj", "{C7E1375C-559C-4BEF-BA6E-EDC0C4A57DF9}"
EndProject
Global
	GlobalSection(SolutionConfigurationPlatforms) = preSolution
		Debug|x64 = Debug|x64
		Debug|x86 = Debug|x86
		Release|x64 = Release|x64
		Release|x86 = Release|x86
	EndGlobalSection
	GlobalSection(ProjectConfigurationPlatforms) = postSolution
		{65DC5719-D96C-4CBA-A25C-5DCAB4AF7A94}.Debug|x64.ActiveCfg = Debug|x64
		{65DC5719-D96C-4CBA-A25C-5DCAB4AF7A94}.Debug|x64.Build.0 = Debug|x64
		{65DC5719-D96C-4CBA-A25C-5DCAB4AF7A94}.Debug|x86.ActiveCfg = Debug|Win32
		{65DC5719-D96C-4CBA-A25C-5DCAB4AF7A94}.Debug|x86.Build.0 = Debug|Win32
		{65DC5719-D96C-4CBA-A25C-5DCAB4AF7A94}.Release|x64.ActiveCfg = Release|x64
		{65DC5719-D96C-4CBA-A25C-5DCAB4AF7A94}.Release|x64.Build.0 = Release|x64
		{65DC5719-D96C-4CBA-A25C-5DCAB4AF7A94}.Release|x86.ActiveCfg = Release|Win32
		{65DC5719-D96C-4CBA-A25C-5DCAB4AF7A94}.Release|x86.Build.0 = Release|Win32
		{C7E1375C-559C-4BEF-BA6E-EDC0C4A57DF9}.Debug|x64.ActiveCfg = Debug|x64
		{C7E1375C-559C-4BEF-BA6E-EDC0C4A57DF9}.Debug|x64.Build.0 = Debug|x64
		{C7E1375C-559C-4BEF-BA6E-EDC0C4A57DF9}.Debug|x86.ActiveCfg = Debug|Win32
		{C7E1375C-559C-4BEF-BA6E-EDC0C4A57DF9}.Debug|x86.Build.0 = Debug|Win32
		{C7E1375C-559C-4BEF-BA6E-EDC0C4A57DF9}.Release|x64.ActiveCfg = Release|x64
		{C7E1375C-559C-4BEF-BA6E-EDC0C4A57DF9}.Release|x64.Build.0 = Release|x64
		{C7E1375C-559C-4BEF-BA6E-EDC0C4A57DF9}.Release|x86.ActiveCfg = Release|Win32
		{C7E1375C-559C-4BEF-BA6E-EDC0C4A57DF9}.Release|x86.Build.0 = Release|Win32
	EndGlobalSection
	GlobalSection(SolutionProperties) = preSolution
		HideSolutionNode = FALSE
	EndGlobalSection
	GlobalSection(ExtensibilityGlobals) = postSolution
		SolutionGuid = {6412024F-8B5E-4F90-8050-1484358CC4F1}
	EndGlobalSection
EndGlobal
