
Microsoft Visual Studio Solution File, Format Version 12.00
# Visual Studio 15
VisualStudioVersion = 15.0.27004.2009
MinimumVisualStudioVersion = 10.0.40219.1
Project("{8BC9CEB8-8B4A-11D0-8D11-00A0C91BC942}") = "activitySelector", "activitySelector\activitySelector.vcxproj", "{647FF4E9-2AB9-49F4-8505-8959CA07DC72}"
EndProject
Global
	GlobalSection(SolutionConfigurationPlatforms) = preSolution
		Debug|x64 = Debug|x64
		Debug|x86 = Debug|x86
		Release|x64 = Release|x64
		Release|x86 = Release|x86
	EndGlobalSection
	GlobalSection(ProjectConfigurationPlatforms) = postSolution
		{647FF4E9-2AB9-49F4-8505-8959CA07DC72}.Debug|x64.ActiveCfg = Debug|x64
		{647FF4E9-2AB9-49F4-8505-8959CA07DC72}.Debug|x64.Build.0 = Debug|x64
		{647FF4E9-2AB9-49F4-8505-8959CA07DC72}.Debug|x86.ActiveCfg = Debug|Win32
		{647FF4E9-2AB9-49F4-8505-8959CA07DC72}.Debug|x86.Build.0 = Debug|Win32
		{647FF4E9-2AB9-49F4-8505-8959CA07DC72}.Release|x64.ActiveCfg = Release|x64
		{647FF4E9-2AB9-49F4-8505-8959CA07DC72}.Release|x64.Build.0 = Release|x64
		{647FF4E9-2AB9-49F4-8505-8959CA07DC72}.Release|x86.ActiveCfg = Release|Win32
		{647FF4E9-2AB9-49F4-8505-8959CA07DC72}.Release|x86.Build.0 = Release|Win32
	EndGlobalSection
	GlobalSection(SolutionProperties) = preSolution
		HideSolutionNode = FALSE
	EndGlobalSection
	GlobalSection(ExtensibilityGlobals) = postSolution
		SolutionGuid = {2FD740E9-8173-4786-A39A-14AE600A641E}
	EndGlobalSection
EndGlobal
