
Microsoft Visual Studio Solution File, Format Version 12.00
# Visual Studio 15
VisualStudioVersion = 15.0.27004.2008
MinimumVisualStudioVersion = 10.0.40219.1
Project("{8BC9CEB8-8B4A-11D0-8D11-00A0C91BC942}") = "binaryTree", "binaryTree\binaryTree.vcxproj", "{90D6E8E0-EA88-4BCD-81D2-61A11863AD10}"
EndProject
Global
	GlobalSection(SolutionConfigurationPlatforms) = preSolution
		Debug|x64 = Debug|x64
		Debug|x86 = Debug|x86
		Release|x64 = Release|x64
		Release|x86 = Release|x86
	EndGlobalSection
	GlobalSection(ProjectConfigurationPlatforms) = postSolution
		{90D6E8E0-EA88-4BCD-81D2-61A11863AD10}.Debug|x64.ActiveCfg = Debug|x64
		{90D6E8E0-EA88-4BCD-81D2-61A11863AD10}.Debug|x64.Build.0 = Debug|x64
		{90D6E8E0-EA88-4BCD-81D2-61A11863AD10}.Debug|x86.ActiveCfg = Debug|Win32
		{90D6E8E0-EA88-4BCD-81D2-61A11863AD10}.Debug|x86.Build.0 = Debug|Win32
		{90D6E8E0-EA88-4BCD-81D2-61A11863AD10}.Release|x64.ActiveCfg = Release|x64
		{90D6E8E0-EA88-4BCD-81D2-61A11863AD10}.Release|x64.Build.0 = Release|x64
		{90D6E8E0-EA88-4BCD-81D2-61A11863AD10}.Release|x86.ActiveCfg = Release|Win32
		{90D6E8E0-EA88-4BCD-81D2-61A11863AD10}.Release|x86.Build.0 = Release|Win32
	EndGlobalSection
	GlobalSection(SolutionProperties) = preSolution
		HideSolutionNode = FALSE
	EndGlobalSection
	GlobalSection(ExtensibilityGlobals) = postSolution
		SolutionGuid = {9F1CBD91-DCDC-4EF9-907E-C8B623645E94}
	EndGlobalSection
EndGlobal
